{
  "name": "@device.farm/si-systick-timer",
  "version": "1.0.2",
  "lockfileVersion": 1,
  "requires": true,
  "dependencies": {
    "@device.farm/si-application-events": {
      "version": "1.0.1",
      "resolved": "https://registry.npmjs.org/@device.farm/si-application-events/-/si-application-events-1.0.1.tgz",
      "integrity": "sha512-iQmDdyt0uGQ/XOYnVE9/Jd/mI83DujEpa6ElhElhGq3lPwcHsQcUwp2cG2FjNbHp0iJWMiW9nVqer4O7epmNJg=="
    },
    "@device.farm/si-generic-timer": {
      "version": "1.0.2",
      "resolved": "https://registry.npmjs.org/@device.farm/si-generic-timer/-/si-generic-timer-1.0.2.tgz",
      "integrity": "sha512-Clv3yxRA63lsmYcGmA3tzeDTc+prKNSt418YDYH4Td4GfLcgI4xCuInGJN9HGffNIqPgrBkHp+F13O+VZtrp6Q==",
      "requires": {
        "@device.farm/si-application-events": "^1.0.1"
      }
    }
  }
}
